
Microsoft Visual Studio Solution File, Format Version 12.00
# Visual Studio 2013
VisualStudioVersion = 12.0.31101.0
MinimumVisualStudioVersion = 10.0.40219.1
Project("{2150E333-8FDC-42A3-9474-1A3956D46DE8}") = "Engine", "Engine", "{39493760-0913-4460-8239-8646D1A7820C}"
EndProject
Project("{2150E333-8FDC-42A3-9474-1A3956D46DE8}") = "Games", "Games", "{9D3C0352-AEFC-4A1F-9748-8C1F71E3F0E1}"
EndProject
Project("{8BC9CEB8-8B4A-11D0-8D11-00A0C91BC942}") = "UE4", "Intermediate\ProjectFiles\UE4.vcxproj", "{E88DC092-FB49-4339-B1B3-24107AAB441F}"
EndProject
Project("{8BC9CEB8-8B4A-11D0-8D11-00A0C91BC942}") = "MapVisualization", "Intermediate\ProjectFiles\MapVisualization.vcxproj", "{7D8DB0BF-57B7-47C1-B534-0126A37E8430}"
EndProject
Global
	GlobalSection(SolutionConfigurationPlatforms) = preSolution
		DebugGame Editor|Win32 = DebugGame Editor|Win32
		DebugGame Editor|Win64 = DebugGame Editor|Win64
		DebugGame|Win32 = DebugGame|Win32
		DebugGame|Win64 = DebugGame|Win64
		Development Editor|Win32 = Development Editor|Win32
		Development Editor|Win64 = Development Editor|Win64
		Development|Win32 = Development|Win32
		Development|Win64 = Development|Win64
		Shipping|Win32 = Shipping|Win32
		Shipping|Win64 = Shipping|Win64
	EndGlobalSection
	GlobalSection(ProjectConfigurationPlatforms) = postSolution
		{E88DC092-FB49-4339-B1B3-24107AAB441F}.DebugGame Editor|Win32.ActiveCfg = BuiltWithUnrealBuildTool|Win32
		{E88DC092-FB49-4339-B1B3-24107AAB441F}.DebugGame Editor|Win32.Build.0 = BuiltWithUnrealBuildTool|Win32
		{E88DC092-FB49-4339-B1B3-24107AAB441F}.DebugGame Editor|Win64.ActiveCfg = BuiltWithUnrealBuildTool|Win32
		{E88DC092-FB49-4339-B1B3-24107AAB441F}.DebugGame|Win32.ActiveCfg = BuiltWithUnrealBuildTool|Win32
		{E88DC092-FB49-4339-B1B3-24107AAB441F}.DebugGame|Win32.Build.0 = BuiltWithUnrealBuildTool|Win32
		{E88DC092-FB49-4339-B1B3-24107AAB441F}.DebugGame|Win64.ActiveCfg = BuiltWithUnrealBuildTool|Win32
		{E88DC092-FB49-4339-B1B3-24107AAB441F}.Development Editor|Win32.ActiveCfg = BuiltWithUnrealBuildTool|Win32
		{E88DC092-FB49-4339-B1B3-24107AAB441F}.Development Editor|Win32.Build.0 = BuiltWithUnrealBuildTool|Win32
		{E88DC092-FB49-4339-B1B3-24107AAB441F}.Development Editor|Win64.ActiveCfg = BuiltWithUnrealBuildTool|Win32
		{E88DC092-FB49-4339-B1B3-24107AAB441F}.Development|Win32.ActiveCfg = BuiltWithUnrealBuildTool|Win32
		{E88DC092-FB49-4339-B1B3-24107AAB441F}.Development|Win32.Build.0 = BuiltWithUnrealBuildTool|Win32
		{E88DC092-FB49-4339-B1B3-24107AAB441F}.Development|Win64.ActiveCfg = BuiltWithUnrealBuildTool|Win32
		{E88DC092-FB49-4339-B1B3-24107AAB441F}.Shipping|Win32.ActiveCfg = BuiltWithUnrealBuildTool|Win32
		{E88DC092-FB49-4339-B1B3-24107AAB441F}.Shipping|Win32.Build.0 = BuiltWithUnrealBuildTool|Win32
		{E88DC092-FB49-4339-B1B3-24107AAB441F}.Shipping|Win64.ActiveCfg = BuiltWithUnrealBuildTool|Win32
		{7D8DB0BF-57B7-47C1-B534-0126A37E8430}.DebugGame Editor|Win32.ActiveCfg = DebugGame_Editor|Win32
		{7D8DB0BF-57B7-47C1-B534-0126A37E8430}.DebugGame Editor|Win32.Build.0 = DebugGame_Editor|Win32
		{7D8DB0BF-57B7-47C1-B534-0126A37E8430}.DebugGame Editor|Win64.ActiveCfg = DebugGame_Editor|x64
		{7D8DB0BF-57B7-47C1-B534-0126A37E8430}.DebugGame Editor|Win64.Build.0 = DebugGame_Editor|x64
		{7D8DB0BF-57B7-47C1-B534-0126A37E8430}.DebugGame|Win32.ActiveCfg = DebugGame_Game|Win32
		{7D8DB0BF-57B7-47C1-B534-0126A37E8430}.DebugGame|Win32.Build.0 = DebugGame_Game|Win32
		{7D8DB0BF-57B7-47C1-B534-0126A37E8430}.DebugGame|Win64.ActiveCfg = DebugGame_Game|x64
		{7D8DB0BF-57B7-47C1-B534-0126A37E8430}.DebugGame|Win64.Build.0 = DebugGame_Game|x64
		{7D8DB0BF-57B7-47C1-B534-0126A37E8430}.Development Editor|Win32.ActiveCfg = Development_Editor|Win32
		{7D8DB0BF-57B7-47C1-B534-0126A37E8430}.Development Editor|Win32.Build.0 = Development_Editor|Win32
		{7D8DB0BF-57B7-47C1-B534-0126A37E8430}.Development Editor|Win64.ActiveCfg = Development_Editor|x64
		{7D8DB0BF-57B7-47C1-B534-0126A37E8430}.Development Editor|Win64.Build.0 = Development_Editor|x64
		{7D8DB0BF-57B7-47C1-B534-0126A37E8430}.Development|Win32.ActiveCfg = Development_Game|Win32
		{7D8DB0BF-57B7-47C1-B534-0126A37E8430}.Development|Win32.Build.0 = Development_Game|Win32
		{7D8DB0BF-57B7-47C1-B534-0126A37E8430}.Development|Win64.ActiveCfg = Development_Game|x64
		{7D8DB0BF-57B7-47C1-B534-0126A37E8430}.Development|Win64.Build.0 = Development_Game|x64
		{7D8DB0BF-57B7-47C1-B534-0126A37E8430}.Shipping|Win32.ActiveCfg = Shipping_Game|Win32
		{7D8DB0BF-57B7-47C1-B534-0126A37E8430}.Shipping|Win32.Build.0 = Shipping_Game|Win32
		{7D8DB0BF-57B7-47C1-B534-0126A37E8430}.Shipping|Win64.ActiveCfg = Shipping_Game|x64
		{7D8DB0BF-57B7-47C1-B534-0126A37E8430}.Shipping|Win64.Build.0 = Shipping_Game|x64
	EndGlobalSection
	GlobalSection(SolutionProperties) = preSolution
		HideSolutionNode = FALSE
	EndGlobalSection
	GlobalSection(NestedProjects) = preSolution
		{E88DC092-FB49-4339-B1B3-24107AAB441F} = {39493760-0913-4460-8239-8646D1A7820C}
		{7D8DB0BF-57B7-47C1-B534-0126A37E8430} = {9D3C0352-AEFC-4A1F-9748-8C1F71E3F0E1}
	EndGlobalSection
EndGlobal
